// !$*UTF8*$!
{
	archiveVersion = 1;
	classes = {
	};
	objectVersion = 77;
	objects = {

/* Begin PBXBuildFile section */
		C39D14252D143B0F006E72E6 /* SnapKit in Frameworks */ = {isa = PBXBuildFile; productRef = C39D14242D143B0F006E72E6 /* SnapKit */; };
		C39D14272D143B12006E72E6 /* Alamofire in Frameworks */ = {isa = PBXBuildFile; productRef = C39D14262D143B12006E72E6 /* Alamofire */; };
/* End PBXBuildFile section */

/* Begin PBXContainerItemProxy section */
		C39D136E2D1439EA006E72E6 /* PBXContainerItemProxy */ = {
			isa = PBXContainerItemProxy;
			containerPortal = C39D134C2D1439E8006E72E6 /* Project object */;
			proxyType = 1;
			remoteGlobalIDString = C39D13532D1439E8006E72E6;
			remoteInfo = "Quick-Kick";
		};
		C39D13782D1439EA006E72E6 /* PBXContainerItemProxy */ = {
			isa = PBXContainerItemProxy;
			containerPortal = C39D134C2D1439E8006E72E6 /* Project object */;
			proxyType = 1;
			remoteGlobalIDString = C39D13532D1439E8006E72E6;
			remoteInfo = "Quick-Kick";
		};
/* End PBXContainerItemProxy section */

/* Begin PBXFileReference section */
		C39D13542D1439E8006E72E6 /* Quick-Kick.app */ = {isa = PBXFileReference; explicitFileType = wrapper.application; includeInIndex = 0; path = "Quick-Kick.app"; sourceTree = BUILT_PRODUCTS_DIR; };
		C39D136D2D1439EA006E72E6 /* Quick-KickTests.xctest */ = {isa = PBXFileReference; explicitFileType = wrapper.cfbundle; includeInIndex = 0; path = "Quick-KickTests.xctest"; sourceTree = BUILT_PRODUCTS_DIR; };
		C39D13772D1439EA006E72E6 /* Quick-KickUITests.xctest */ = {isa = PBXFileReference; explicitFileType = wrapper.cfbundle; includeInIndex = 0; path = "Quick-KickUITests.xctest"; sourceTree = BUILT_PRODUCTS_DIR; };
/* End PBXFileReference section */

/* Begin PBXFileSystemSynchronizedBuildFileExceptionSet section */
		C39D137F2D1439EA006E72E6 /* Exceptions for "Quick-Kick" folder in "Quick-Kick" target */ = {
			isa = PBXFileSystemSynchronizedBuildFileExceptionSet;
			membershipExceptions = (
				Info.plist,
			);
			target = C39D13532D1439E8006E72E6 /* Quick-Kick */;
		};
/* End PBXFileSystemSynchronizedBuildFileExceptionSet section */

/* Begin PBXFileSystemSynchronizedRootGroup section */
		C39D13562D1439E8006E72E6 /* Quick-Kick */ = {
			isa = PBXFileSystemSynchronizedRootGroup;
			exceptions = (
				C39D137F2D1439EA006E72E6 /* Exceptions for "Quick-Kick" folder in "Quick-Kick" target */,
			);
			path = "Quick-Kick";
			sourceTree = "<group>";
		};
		C39D13702D1439EA006E72E6 /* Quick-KickTests */ = {
			isa = PBXFileSystemSynchronizedRootGroup;
			path = "Quick-KickTests";
			sourceTree = "<group>";
		};
		C39D137A2D1439EA006E72E6 /* Quick-KickUITests */ = {
			isa = PBXFileSystemSynchronizedRootGroup;
			path = "Quick-KickUITests";
			sourceTree = "<group>";
		};
/* End PBXFileSystemSynchronizedRootGroup section */

/* Begin PBXFrameworksBuildPhase section */
		C39D13512D1439E8006E72E6 /* Frameworks */ = {
			isa = PBXFrameworksBuildPhase;
			buildActionMask = 2147483647;
			files = (
				C39D14252D143B0F006E72E6 /* SnapKit in Frameworks */,
				C39D14272D143B12006E72E6 /* Alamofire in Frameworks */,
			);
			runOnlyForDeploymentPostprocessing = 0;
		};
		C39D136A2D1439EA006E72E6 /* Frameworks */ = {
			isa = PBXFrameworksBuildPhase;
			buildActionMask = 2147483647;
			files = (
			);
			runOnlyForDeploymentPostprocessing = 0;
		};
		C39D13742D1439EA006E72E6 /* Frameworks */ = {
			isa = PBXFrameworksBuildPhase;
			buildActionMask = 2147483647;
			files = (
			);
			runOnlyForDeploymentPostprocessing = 0;
		};
/* End PBXFrameworksBuildPhase section */

/* Begin PBXGroup section */
		C39D134B2D1439E8006E72E6 = {
			isa = PBXGroup;
			children = (
				C39D13562D1439E8006E72E6 /* Quick-Kick */,
				C39D13702D1439EA006E72E6 /* Quick-KickTests */,
				C39D137A2D1439EA006E72E6 /* Quick-KickUITests */,
				C39D14232D143B0F006E72E6 /* Frameworks */,
				C39D13552D1439E8006E72E6 /* Products */,
			);
			sourceTree = "<group>";
		};
		C39D13552D1439E8006E72E6 /* Products */ = {
			isa = PBXGroup;
			children = (
				C39D13542D1439E8006E72E6 /* Quick-Kick.app */,
				C39D136D2D1439EA006E72E6 /* Quick-KickTests.xctest */,
				C39D13772D1439EA006E72E6 /* Quick-KickUITests.xctest */,
			);
			name = Products;
			sourceTree = "<group>";
		};
		C39D14232D143B0F006E72E6 /* Frameworks */ = {
			isa = PBXGroup;
			children = (
			);
			name = Frameworks;
			sourceTree = "<group>";
		};
/* End PBXGroup section */

/* Begin PBXNativeTarget section */
		C39D13532D1439E8006E72E6 /* Quick-Kick */ = {
			isa = PBXNativeTarget;
			buildConfigurationList = C39D13802D1439EA006E72E6 /* Build configuration list for PBXNativeTarget "Quick-Kick" */;
			buildPhases = (
				C39D13502D1439E8006E72E6 /* Sources */,
				C39D13512D1439E8006E72E6 /* Frameworks */,
				C39D13522D1439E8006E72E6 /* Resources */,
			);
			buildRules = (
			);
			dependencies = (
			);
			fileSystemSynchronizedGroups = (
				C39D13562D1439E8006E72E6 /* Quick-Kick */,
			);
			name = "Quick-Kick";
			packageProductDependencies = (
				C39D14242D143B0F006E72E6 /* SnapKit */,
				C39D14262D143B12006E72E6 /* Alamofire */,
			);
			productName = "Quick-Kick";
			productReference = C39D13542D1439E8006E72E6 /* Quick-Kick.app */;
			productType = "com.apple.product-type.application";
		};
		C39D136C2D1439EA006E72E6 /* Quick-KickTests */ = {
			isa = PBXNativeTarget;
			buildConfigurationList = C39D13852D1439EA006E72E6 /* Build configuration list for PBXNativeTarget "Quick-KickTests" */;
			buildPhases = (
				C39D13692D1439EA006E72E6 /* Sources */,
				C39D136A2D1439EA006E72E6 /* Frameworks */,
				C39D136B2D1439EA006E72E6 /* Resources */,
			);
			buildRules = (
			);
			dependencies = (
				C39D136F2D1439EA006E72E6 /* PBXTargetDependency */,
			);
			fileSystemSynchronizedGroups = (
				C39D13702D1439EA006E72E6 /* Quick-KickTests */,
			);
			name = "Quick-KickTests";
			packageProductDependencies = (
			);
			productName = "Quick-KickTests";
			productReference = C39D136D2D1439EA006E72E6 /* Quick-KickTests.xctest */;
			productType = "com.apple.product-type.bundle.unit-test";
		};
		C39D13762D1439EA006E72E6 /* Quick-KickUITests */ = {
			isa = PBXNativeTarget;
			buildConfigurationList = C39D13882D1439EA006E72E6 /* Build configuration list for PBXNativeTarget "Quick-KickUITests" */;
			buildPhases = (
				C39D13732D1439EA006E72E6 /* Sources */,
				C39D13742D1439EA006E72E6 /* Frameworks */,
				C39D13752D1439EA006E72E6 /* Resources */,
			);
			buildRules = (
			);
			dependencies = (
				C39D13792D1439EA006E72E6 /* PBXTargetDependency */,
			);
			fileSystemSynchronizedGroups = (
				C39D137A2D1439EA006E72E6 /* Quick-KickUITests */,
			);
			name = "Quick-KickUITests";
			packageProductDependencies = (
			);
			productName = "Quick-KickUITests";
			productReference = C39D13772D1439EA006E72E6 /* Quick-KickUITests.xctest */;
			productType = "com.apple.product-type.bundle.ui-testing";
		};
/* End PBXNativeTarget section */

/* Begin PBXProject section */
		C39D134C2D1439E8006E72E6 /* Project object */ = {
			isa = PBXProject;
			attributes = {
				BuildIndependentTargetsInParallel = 1;
				LastSwiftUpdateCheck = 1620;
				LastUpgradeCheck = 1620;
				TargetAttributes = {
					C39D13532D1439E8006E72E6 = {
						CreatedOnToolsVersion = 16.2;
					};
					C39D136C2D1439EA006E72E6 = {
						CreatedOnToolsVersion = 16.2;
						TestTargetID = C39D13532D1439E8006E72E6;
					};
					C39D13762D1439EA006E72E6 = {
						CreatedOnToolsVersion = 16.2;
						TestTargetID = C39D13532D1439E8006E72E6;
					};
				};
			};
			buildConfigurationList = C39D134F2D1439E8006E72E6 /* Build configuration list for PBXProject "Quick-Kick" */;
			developmentRegion = en;
			hasScannedForEncodings = 0;
			knownRegions = (
				en,
				Base,
			);
			mainGroup = C39D134B2D1439E8006E72E6;
			minimizedProjectReferenceProxies = 1;
			packageReferences = (
				C39D14212D143AEE006E72E6 /* XCRemoteSwiftPackageReference "SnapKit" */,
				C39D14222D143B04006E72E6 /* XCRemoteSwiftPackageReference "Alamofire" */,
			);
			preferredProjectObjectVersion = 77;
			productRefGroup = C39D13552D1439E8006E72E6 /* Products */;
			projectDirPath = "";
			projectRoot = "";
			targets = (
				C39D13532D1439E8006E72E6 /* Quick-Kick */,
				C39D136C2D1439EA006E72E6 /* Quick-KickTests */,
				C39D13762D1439EA006E72E6 /* Quick-KickUITests */,
			);
		};
/* End PBXProject section */

/* Begin PBXResourcesBuildPhase section */
		C39D13522D1439E8006E72E6 /* Resources */ = {
			isa = PBXResourcesBuildPhase;
			buildActionMask = 2147483647;
			files = (
			);
			runOnlyForDeploymentPostprocessing = 0;
		};
		C39D136B2D1439EA006E72E6 /* Resources */ = {
			isa = PBXResourcesBuildPhase;
			buildActionMask = 2147483647;
			files = (
			);
			runOnlyForDeploymentPostprocessing = 0;
		};
		C39D13752D1439EA006E72E6 /* Resources */ = {
			isa = PBXResourcesBuildPhase;
			buildActionMask = 2147483647;
			files = (
			);
			runOnlyForDeploymentPostprocessing = 0;
		};
/* End PBXResourcesBuildPhase section */

/* Begin PBXSourcesBuildPhase section */
		C39D13502D1439E8006E72E6 /* Sources */ = {
			isa = PBXSourcesBuildPhase;
			buildActionMask = 2147483647;
			files = (
			);
			runOnlyForDeploymentPostprocessing = 0;
		};
		C39D13692D1439EA006E72E6 /* Sources */ = {
			isa = PBXSourcesBuildPhase;
			buildActionMask = 2147483647;
			files = (
			);
			runOnlyForDeploymentPostprocessing = 0;
		};
		C39D13732D1439EA006E72E6 /* Sources */ = {
			isa = PBXSourcesBuildPhase;
			buildActionMask = 2147483647;
			files = (
			);
			runOnlyForDeploymentPostprocessing = 0;
		};
/* End PBXSourcesBuildPhase section */

/* Begin PBXTargetDependency section */
		C39D136F2D1439EA006E72E6 /* PBXTargetDependency */ = {
			isa = PBXTargetDependency;
			target = C39D13532D1439E8006E72E6 /* Quick-Kick */;
			targetProxy = C39D136E2D1439EA006E72E6 /* PBXContainerItemProxy */;
		};
		C39D13792D1439EA006E72E6 /* PBXTargetDependency */ = {
			isa = PBXTargetDependency;
			target = C39D13532D1439E8006E72E6 /* Quick-Kick */;
			targetProxy = C39D13782D1439EA006E72E6 /* PBXContainerItemProxy */;
		};
/* End PBXTargetDependency section */

/* Begin XCBuildConfiguration section */
		C39D13812D1439EA006E72E6 /* Debug */ = {
			isa = XCBuildConfiguration;
			buildSettings = {
				ASSETCATALOG_COMPILER_APPICON_NAME = AppIcon;
				ASSETCATALOG_COMPILER_GLOBAL_ACCENT_COLOR_NAME = AccentColor;
				CODE_SIGN_STYLE = Automatic;
				CURRENT_PROJECT_VERSION = 1;
				GENERATE_INFOPLIST_FILE = YES;
				INFOPLIST_FILE = "Quick-Kick/Info.plist";
				INFOPLIST_KEY_UIApplicationSupportsIndirectInputEvents = YES;
				INFOPLIST_KEY_UILaunchStoryboardName = LaunchScreen;
				INFOPLIST_KEY_UISupportedInterfaceOrientations_iPad = "UIInterfaceOrientationPortrait UIInterfaceOrientationPortraitUpsideDown UIInterfaceOrientationLandscapeLeft UIInterfaceOrientationLandscapeRight";
				INFOPLIST_KEY_UISupportedInterfaceOrientations_iPhone = "UIInterfaceOrientationPortrait UIInterfaceOrientationLandscapeLeft UIInterfaceOrientationLandscapeRight";
				IPHONEOS_DEPLOYMENT_TARGET = 16;
				LD_RUNPATH_SEARCH_PATHS = (
					"$(inherited)",
					"@executable_path/Frameworks",
				);
				MARKETING_VERSION = 1.0;
				PRODUCT_BUNDLE_IDENTIFIER = "hamsik22.Quick-Kick";
				PRODUCT_NAME = "$(TARGET_NAME)";
				SUPPORTED_PLATFORMS = "iphoneos iphonesimulator";
				SUPPORTS_MACCATALYST = NO;
				SUPPORTS_MAC_DESIGNED_FOR_IPHONE_IPAD = NO;
				SUPPORTS_XR_DESIGNED_FOR_IPHONE_IPAD = NO;
				SWIFT_EMIT_LOC_STRINGS = YES;
				SWIFT_VERSION = 5.0;
				TARGETED_DEVICE_FAMILY = "1,2";
			};
			name = Debug;
		};
		C39D13822D1439EA006E72E6 /* Release */ = {
			isa = XCBuildConfiguration;
			buildSettings = {
				ASSETCATALOG_COMPILER_APPICON_NAME = AppIcon;
				ASSETCATALOG_COMPILER_GLOBAL_ACCENT_COLOR_NAME = AccentColor;
				CODE_SIGN_STYLE = Automatic;
				CURRENT_PROJECT_VERSION = 1;
				GENERATE_INFOPLIST_FILE = YES;
				INFOPLIST_FILE = "Quick-Kick/Info.plist";
				INFOPLIST_KEY_UIApplicationSupportsIndirectInputEvents = YES;
				INFOPLIST_KEY_UILaunchStoryboardName = LaunchScreen;
				INFOPLIST_KEY_UISupportedInterfaceOrientations_iPad = "UIInterfaceOrientationPortrait UIInterfaceOrientationPortraitUpsideDown UIInterfaceOrientationLandscapeLeft UIInterfaceOrientationLandscapeRight";
				INFOPLIST_KEY_UISupportedInterfaceOrientations_iPhone = "UIInterfaceOrientationPortrait UIInterfaceOrientationLandscapeLeft UIInterfaceOrientationLandscapeRight";
				IPHONEOS_DEPLOYMENT_TARGET = 16;
				LD_RUNPATH_SEARCH_PATHS = (
					"$(inherited)",
					"@executable_path/Frameworks",
				);
				MARKETING_VERSION = 1.0;
				PRODUCT_BUNDLE_IDENTIFIER = "hamsik22.Quick-Kick";
				PRODUCT_NAME = "$(TARGET_NAME)";
				SUPPORTED_PLATFORMS = "iphoneos iphonesimulator";
				SUPPORTS_MACCATALYST = NO;
				SUPPORTS_MAC_DESIGNED_FOR_IPHONE_IPAD = NO;
				SUPPORTS_XR_DESIGNED_FOR_IPHONE_IPAD = NO;
				SWIFT_EMIT_LOC_STRINGS = YES;
				SWIFT_VERSION = 5.0;
				TARGETED_DEVICE_FAMILY = "1,2";
			};
			name = Release;
		};
		C39D13832D1439EA006E72E6 /* Debug */ = {
			isa = XCBuildConfiguration;
			buildSettings = {
				ALWAYS_SEARCH_USER_PATHS = NO;
				ASSETCATALOG_COMPILER_GENERATE_SWIFT_ASSET_SYMBOL_EXTENSIONS = YES;
				CLANG_ANALYZER_NONNULL = YES;
				CLANG_ANALYZER_NUMBER_OBJECT_CONVERSION = YES_AGGRESSIVE;
				CLANG_CXX_LANGUAGE_STANDARD = "gnu++20";
				CLANG_ENABLE_MODULES = YES;
				CLANG_ENABLE_OBJC_ARC = YES;
				CLANG_ENABLE_OBJC_WEAK = YES;
				CLANG_WARN_BLOCK_CAPTURE_AUTORELEASING = YES;
				CLANG_WARN_BOOL_CONVERSION = YES;
				CLANG_WARN_COMMA = YES;
				CLANG_WARN_CONSTANT_CONVERSION = YES;
				CLANG_WARN_DEPRECATED_OBJC_IMPLEMENTATIONS = YES;
				CLANG_WARN_DIRECT_OBJC_ISA_USAGE = YES_ERROR;
				CLANG_WARN_DOCUMENTATION_COMMENTS = YES;
				CLANG_WARN_EMPTY_BODY = YES;
				CLANG_WARN_ENUM_CONVERSION = YES;
				CLANG_WARN_INFINITE_RECURSION = YES;
				CLANG_WARN_INT_CONVERSION = YES;
				CLANG_WARN_NON_LITERAL_NULL_CONVERSION = YES;
				CLANG_WARN_OBJC_IMPLICIT_RETAIN_SELF = YES;
				CLANG_WARN_OBJC_LITERAL_CONVERSION = YES;
				CLANG_WARN_OBJC_ROOT_CLASS = YES_ERROR;
				CLANG_WARN_QUOTED_INCLUDE_IN_FRAMEWORK_HEADER = YES;
				CLANG_WARN_RANGE_LOOP_ANALYSIS = YES;
				CLANG_WARN_STRICT_PROTOTYPES = YES;
				CLANG_WARN_SUSPICIOUS_MOVE = YES;
				CLANG_WARN_UNGUARDED_AVAILABILITY = YES_AGGRESSIVE;
				CLANG_WARN_UNREACHABLE_CODE = YES;
				CLANG_WARN__DUPLICATE_METHOD_MATCH = YES;
				COPY_PHASE_STRIP = NO;
				DEBUG_INFORMATION_FORMAT = dwarf;
				ENABLE_STRICT_OBJC_MSGSEND = YES;
				ENABLE_TESTABILITY = YES;
				ENABLE_USER_SCRIPT_SANDBOXING = YES;
				GCC_C_LANGUAGE_STANDARD = gnu17;
				GCC_DYNAMIC_NO_PIC = NO;
				GCC_NO_COMMON_BLOCKS = YES;
				GCC_OPTIMIZATION_LEVEL = 0;
				GCC_PREPROCESSOR_DEFINITIONS = (
					"DEBUG=1",
					"$(inherited)",
				);
				GCC_WARN_64_TO_32_BIT_CONVERSION = YES;
				GCC_WARN_ABOUT_RETURN_TYPE = YES_ERROR;
				GCC_WARN_UNDECLARED_SELECTOR = YES;
				GCC_WARN_UNINITIALIZED_AUTOS = YES_AGGRESSIVE;
				GCC_WARN_UNUSED_FUNCTION = YES;
				GCC_WARN_UNUSED_VARIABLE = YES;
				IPHONEOS_DEPLOYMENT_TARGET = 18.2;
				LOCALIZATION_PREFERS_STRING_CATALOGS = YES;
				MTL_ENABLE_DEBUG_INFO = INCLUDE_SOURCE;
				MTL_FAST_MATH = YES;
				ONLY_ACTIVE_ARCH = YES;
				SDKROOT = iphoneos;
				SWIFT_ACTIVE_COMPILATION_CONDITIONS = "DEBUG $(inherited)";
				SWIFT_OPTIMIZATION_LEVEL = "-Onone";
			};
			name = Debug;
		};
		C39D13842D1439EA006E72E6 /* Release */ = {
			isa = XCBuildConfiguration;
			buildSettings = {
				ALWAYS_SEARCH_USER_PATHS = NO;
				ASSETCATALOG_COMPILER_GENERATE_SWIFT_ASSET_SYMBOL_EXTENSIONS = YES;
				CLANG_ANALYZER_NONNULL = YES;
				CLANG_ANALYZER_NUMBER_OBJECT_CONVERSION = YES_AGGRESSIVE;
				CLANG_CXX_LANGUAGE_STANDARD = "gnu++20";
				CLANG_ENABLE_MODULES = YES;
				CLANG_ENABLE_OBJC_ARC = YES;
				CLANG_ENABLE_OBJC_WEAK = YES;
				CLANG_WARN_BLOCK_CAPTURE_AUTORELEASING = YES;
				CLANG_WARN_BOOL_CONVERSION = YES;
				CLANG_WARN_COMMA = YES;
				CLANG_WARN_CONSTANT_CONVERSION = YES;
				CLANG_WARN_DEPRECATED_OBJC_IMPLEMENTATIONS = YES;
				CLANG_WARN_DIRECT_OBJC_ISA_USAGE = YES_ERROR;
				CLANG_WARN_DOCUMENTATION_COMMENTS = YES;
				CLANG_WARN_EMPTY_BODY = YES;
				CLANG_WARN_ENUM_CONVERSION = YES;
				CLANG_WARN_INFINITE_RECURSION = YES;
				CLANG_WARN_INT_CONVERSION = YES;
				CLANG_WARN_NON_LITERAL_NULL_CONVERSION = YES;
				CLANG_WARN_OBJC_IMPLICIT_RETAIN_SELF = YES;
				CLANG_WARN_OBJC_LITERAL_CONVERSION = YES;
				CLANG_WARN_OBJC_ROOT_CLASS = YES_ERROR;
				CLANG_WARN_QUOTED_INCLUDE_IN_FRAMEWORK_HEADER = YES;
				CLANG_WARN_RANGE_LOOP_ANALYSIS = YES;
				CLANG_WARN_STRICT_PROTOTYPES = YES;
				CLANG_WARN_SUSPICIOUS_MOVE = YES;
				CLANG_WARN_UNGUARDED_AVAILABILITY = YES_AGGRESSIVE;
				CLANG_WARN_UNREACHABLE_CODE = YES;
				CLANG_WARN__DUPLICATE_METHOD_MATCH = YES;
				COPY_PHASE_STRIP = NO;
				DEBUG_INFORMATION_FORMAT = "dwarf-with-dsym";
				ENABLE_NS_ASSERTIONS = NO;
				ENABLE_STRICT_OBJC_MSGSEND = YES;
				ENABLE_USER_SCRIPT_SANDBOXING = YES;
				GCC_C_LANGUAGE_STANDARD = gnu17;
				GCC_NO_COMMON_BLOCKS = YES;
				GCC_WARN_64_TO_32_BIT_CONVERSION = YES;
				GCC_WARN_ABOUT_RETURN_TYPE = YES_ERROR;
				GCC_WARN_UNDECLARED_SELECTOR = YES;
				GCC_WARN_UNINITIALIZED_AUTOS = YES_AGGRESSIVE;
				GCC_WARN_UNUSED_FUNCTION = YES;
				GCC_WARN_UNUSED_VARIABLE = YES;
				IPHONEOS_DEPLOYMENT_TARGET = 18.2;
				LOCALIZATION_PREFERS_STRING_CATALOGS = YES;
				MTL_ENABLE_DEBUG_INFO = NO;
				MTL_FAST_MATH = YES;
				SDKROOT = iphoneos;
				SWIFT_COMPILATION_MODE = wholemodule;
				VALIDATE_PRODUCT = YES;
			};
			name = Release;
		};
		C39D13862D1439EA006E72E6 /* Debug */ = {
			isa = XCBuildConfiguration;
			buildSettings = {
				BUNDLE_LOADER = "$(TEST_HOST)";
				CODE_SIGN_STYLE = Automatic;
				CURRENT_PROJECT_VERSION = 1;
				GENERATE_INFOPLIST_FILE = YES;
				IPHONEOS_DEPLOYMENT_TARGET = 18.2;
				MARKETING_VERSION = 1.0;
				PRODUCT_BUNDLE_IDENTIFIER = "hamsik22.Quick-KickTests";
				PRODUCT_NAME = "$(TARGET_NAME)";
				SWIFT_EMIT_LOC_STRINGS = NO;
				SWIFT_VERSION = 5.0;
				TARGETED_DEVICE_FAMILY = "1,2";
				TEST_HOST = "$(BUILT_PRODUCTS_DIR)/Quick-Kick.app/$(BUNDLE_EXECUTABLE_FOLDER_PATH)/Quick-Kick";
			};
			name = Debug;
		};
		C39D13872D1439EA006E72E6 /* Release */ = {
			isa = XCBuildConfiguration;
			buildSettings = {
				BUNDLE_LOADER = "$(TEST_HOST)";
				CODE_SIGN_STYLE = Automatic;
				CURRENT_PROJECT_VERSION = 1;
				GENERATE_INFOPLIST_FILE = YES;
				IPHONEOS_DEPLOYMENT_TARGET = 18.2;
				MARKETING_VERSION = 1.0;
				PRODUCT_BUNDLE_IDENTIFIER = "hamsik22.Quick-KickTests";
				PRODUCT_NAME = "$(TARGET_NAME)";
				SWIFT_EMIT_LOC_STRINGS = NO;
				SWIFT_VERSION = 5.0;
				TARGETED_DEVICE_FAMILY = "1,2";
				TEST_HOST = "$(BUILT_PRODUCTS_DIR)/Quick-Kick.app/$(BUNDLE_EXECUTABLE_FOLDER_PATH)/Quick-Kick";
			};
			name = Release;
		};
		C39D13892D1439EA006E72E6 /* Debug */ = {
			isa = XCBuildConfiguration;
			buildSettings = {
				CODE_SIGN_STYLE = Automatic;
				CURRENT_PROJECT_VERSION = 1;
				GENERATE_INFOPLIST_FILE = YES;
				MARKETING_VERSION = 1.0;
				PRODUCT_BUNDLE_IDENTIFIER = "hamsik22.Quick-KickUITests";
				PRODUCT_NAME = "$(TARGET_NAME)";
				SWIFT_EMIT_LOC_STRINGS = NO;
				SWIFT_VERSION = 5.0;
				TARGETED_DEVICE_FAMILY = "1,2";
				TEST_TARGET_NAME = "Quick-Kick";
			};
			name = Debug;
		};
		C39D138A2D1439EA006E72E6 /* Release */ = {
			isa = XCBuildConfiguration;
			buildSettings = {
				CODE_SIGN_STYLE = Automatic;
				CURRENT_PROJECT_VERSION = 1;
				GENERATE_INFOPLIST_FILE = YES;
				MARKETING_VERSION = 1.0;
				PRODUCT_BUNDLE_IDENTIFIER = "hamsik22.Quick-KickUITests";
				PRODUCT_NAME = "$(TARGET_NAME)";
				SWIFT_EMIT_LOC_STRINGS = NO;
				SWIFT_VERSION = 5.0;
				TARGETED_DEVICE_FAMILY = "1,2";
				TEST_TARGET_NAME = "Quick-Kick";
			};
			name = Release;
		};
/* End XCBuildConfiguration section */

/* Begin XCConfigurationList section */
		C39D134F2D1439E8006E72E6 /* Build configuration list for PBXProject "Quick-Kick" */ = {
			isa = XCConfigurationList;
			buildConfigurations = (
				C39D13832D1439EA006E72E6 /* Debug */,
				C39D13842D1439EA006E72E6 /* Release */,
			);
			defaultConfigurationIsVisible = 0;
			defaultConfigurationName = Release;
		};
		C39D13802D1439EA006E72E6 /* Build configuration list for PBXNativeTarget "Quick-Kick" */ = {
			isa = XCConfigurationList;
			buildConfigurations = (
				C39D13812D1439EA006E72E6 /* Debug */,
				C39D13822D1439EA006E72E6 /* Release */,
			);
			defaultConfigurationIsVisible = 0;
			defaultConfigurationName = Release;
		};
		C39D13852D1439EA006E72E6 /* Build configuration list for PBXNativeTarget "Quick-KickTests" */ = {
			isa = XCConfigurationList;
			buildConfigurations = (
				C39D13862D1439EA006E72E6 /* Debug */,
				C39D13872D1439EA006E72E6 /* Release */,
			);
			defaultConfigurationIsVisible = 0;
			defaultConfigurationName = Release;
		};
		C39D13882D1439EA006E72E6 /* Build configuration list for PBXNativeTarget "Quick-KickUITests" */ = {
			isa = XCConfigurationList;
			buildConfigurations = (
				C39D13892D1439EA006E72E6 /* Debug */,
				C39D138A2D1439EA006E72E6 /* Release */,
			);
			defaultConfigurationIsVisible = 0;
			defaultConfigurationName = Release;
		};
/* End XCConfigurationList section */

/* Begin XCRemoteSwiftPackageReference section */
		C39D14212D143AEE006E72E6 /* XCRemoteSwiftPackageReference "SnapKit" */ = {
			isa = XCRemoteSwiftPackageReference;
			repositoryURL = "https://github.com/SnapKit/SnapKit.git";
			requirement = {
				kind = upToNextMajorVersion;
				minimumVersion = 5.7.1;
			};
		};
		C39D14222D143B04006E72E6 /* XCRemoteSwiftPackageReference "Alamofire" */ = {
			isa = XCRemoteSwiftPackageReference;
			repositoryURL = "https://github.com/Alamofire/Alamofire.git";
			requirement = {
				kind = upToNextMajorVersion;
				minimumVersion = 5.10.2;
			};
		};
/* End XCRemoteSwiftPackageReference section */

/* Begin XCSwiftPackageProductDependency section */
		C39D14242D143B0F006E72E6 /* SnapKit */ = {
			isa = XCSwiftPackageProductDependency;
			package = C39D14212D143AEE006E72E6 /* XCRemoteSwiftPackageReference "SnapKit" */;
			productName = SnapKit;
		};
		C39D14262D143B12006E72E6 /* Alamofire */ = {
			isa = XCSwiftPackageProductDependency;
			package = C39D14222D143B04006E72E6 /* XCRemoteSwiftPackageReference "Alamofire" */;
			productName = Alamofire;
		};
/* End XCSwiftPackageProductDependency section */
	};
	rootObject = C39D134C2D1439E8006E72E6 /* Project object */;
}
